
Microsoft Visual Studio Solution File, Format Version 12.00
# Visual Studio 2012
Project("{FAE04EC0-301F-11D3-BF4B-00C04F79EFBC}") = "Aula-02", "Aula-02\Aula-02.csproj", "{F8660C5C-2312-43D9-8BBF-4231CD90642E}"
EndProject
Project("{FAE04EC0-301F-11D3-BF4B-00C04F79EFBC}") = "iOSTableAndCellStyles", "..\..\..\Github\mobile-samples\TablesLists\iOSTableAndCellStyles\iOSTableAndCellStyles.csproj", "{4702FF8D-62D6-4480-B2AD-DFBCFC321BA0}"
EndProject
Global
	GlobalSection(SolutionConfigurationPlatforms) = preSolution
		Debug|iPhoneSimulator = Debug|iPhoneSimulator
		Release|iPhoneSimulator = Release|iPhoneSimulator
		Debug|iPhone = Debug|iPhone
		Release|iPhone = Release|iPhone
		Ad-Hoc|iPhone = Ad-Hoc|iPhone
		AppStore|iPhone = AppStore|iPhone
	EndGlobalSection
	GlobalSection(ProjectConfigurationPlatforms) = postSolution
		{4702FF8D-62D6-4480-B2AD-DFBCFC321BA0}.Ad-Hoc|iPhone.ActiveCfg = Release|iPhone
		{4702FF8D-62D6-4480-B2AD-DFBCFC321BA0}.Ad-Hoc|iPhone.Build.0 = Release|iPhone
		{4702FF8D-62D6-4480-B2AD-DFBCFC321BA0}.AppStore|iPhone.ActiveCfg = Release|iPhone
		{4702FF8D-62D6-4480-B2AD-DFBCFC321BA0}.AppStore|iPhone.Build.0 = Release|iPhone
		{4702FF8D-62D6-4480-B2AD-DFBCFC321BA0}.Debug|iPhone.ActiveCfg = Debug|iPhone
		{4702FF8D-62D6-4480-B2AD-DFBCFC321BA0}.Debug|iPhone.Build.0 = Debug|iPhone
		{4702FF8D-62D6-4480-B2AD-DFBCFC321BA0}.Debug|iPhoneSimulator.ActiveCfg = Debug|iPhoneSimulator
		{4702FF8D-62D6-4480-B2AD-DFBCFC321BA0}.Debug|iPhoneSimulator.Build.0 = Debug|iPhoneSimulator
		{4702FF8D-62D6-4480-B2AD-DFBCFC321BA0}.Release|iPhone.ActiveCfg = Release|iPhone
		{4702FF8D-62D6-4480-B2AD-DFBCFC321BA0}.Release|iPhone.Build.0 = Release|iPhone
		{4702FF8D-62D6-4480-B2AD-DFBCFC321BA0}.Release|iPhoneSimulator.ActiveCfg = Release|iPhoneSimulator
		{4702FF8D-62D6-4480-B2AD-DFBCFC321BA0}.Release|iPhoneSimulator.Build.0 = Release|iPhoneSimulator
		{F8660C5C-2312-43D9-8BBF-4231CD90642E}.Ad-Hoc|iPhone.ActiveCfg = Ad-Hoc|iPhone
		{F8660C5C-2312-43D9-8BBF-4231CD90642E}.Ad-Hoc|iPhone.Build.0 = Ad-Hoc|iPhone
		{F8660C5C-2312-43D9-8BBF-4231CD90642E}.AppStore|iPhone.ActiveCfg = AppStore|iPhone
		{F8660C5C-2312-43D9-8BBF-4231CD90642E}.AppStore|iPhone.Build.0 = AppStore|iPhone
		{F8660C5C-2312-43D9-8BBF-4231CD90642E}.Debug|iPhone.ActiveCfg = Debug|iPhone
		{F8660C5C-2312-43D9-8BBF-4231CD90642E}.Debug|iPhone.Build.0 = Debug|iPhone
		{F8660C5C-2312-43D9-8BBF-4231CD90642E}.Debug|iPhoneSimulator.ActiveCfg = Debug|iPhoneSimulator
		{F8660C5C-2312-43D9-8BBF-4231CD90642E}.Debug|iPhoneSimulator.Build.0 = Debug|iPhoneSimulator
		{F8660C5C-2312-43D9-8BBF-4231CD90642E}.Release|iPhone.ActiveCfg = Release|iPhone
		{F8660C5C-2312-43D9-8BBF-4231CD90642E}.Release|iPhone.Build.0 = Release|iPhone
		{F8660C5C-2312-43D9-8BBF-4231CD90642E}.Release|iPhoneSimulator.ActiveCfg = Release|iPhoneSimulator
		{F8660C5C-2312-43D9-8BBF-4231CD90642E}.Release|iPhoneSimulator.Build.0 = Release|iPhoneSimulator
	EndGlobalSection
	GlobalSection(MonoDevelopProperties) = preSolution
		StartupItem = Aula-02\Aula-02.csproj
	EndGlobalSection
EndGlobal
